// !$*UTF8*$!
{
	archiveVersion = 1;
	classes = {
	};
	objectVersion = 56;
	objects = {

/* Begin PBXBuildFile section */
		B18EB8DF295DFA9B001E08D7 /* AppDelegate.swift in Sources */ = {isa = PBXBuildFile; fileRef = B18EB8DE295DFA9B001E08D7 /* AppDelegate.swift */; };
		B18EB8E1295DFA9B001E08D7 /* SceneDelegate.swift in Sources */ = {isa = PBXBuildFile; fileRef = B18EB8E0295DFA9B001E08D7 /* SceneDelegate.swift */; };
		B18EB8E3295DFA9B001E08D7 /* NoticeViewController.swift in Sources */ = {isa = PBXBuildFile; fileRef = B18EB8E2295DFA9B001E08D7 /* NoticeViewController.swift */; };
		B18EB8E8295DFA9C001E08D7 /* Assets.xcassets in Resources */ = {isa = PBXBuildFile; fileRef = B18EB8E7295DFA9C001E08D7 /* Assets.xcassets */; };
		B18EB8EB295DFA9C001E08D7 /* LaunchScreen.storyboard in Resources */ = {isa = PBXBuildFile; fileRef = B18EB8E9295DFA9C001E08D7 /* LaunchScreen.storyboard */; };
		B18EB8F6295DFA9D001E08D7 /* UJeongAppTests.swift in Sources */ = {isa = PBXBuildFile; fileRef = B18EB8F5295DFA9D001E08D7 /* UJeongAppTests.swift */; };
		B18EB914295DFAC2001E08D7 /* Response.swift in Sources */ = {isa = PBXBuildFile; fileRef = B18EB910295DFAC2001E08D7 /* Response.swift */; };
		B18EB915295DFAC2001E08D7 /* Request.swift in Sources */ = {isa = PBXBuildFile; fileRef = B18EB911295DFAC2001E08D7 /* Request.swift */; };
		B18EB916295DFAC2001E08D7 /* APIClient.swift in Sources */ = {isa = PBXBuildFile; fileRef = B18EB913295DFAC2001E08D7 /* APIClient.swift */; };
		B18EB91C295DFB15001E08D7 /* RxBlocking in Frameworks */ = {isa = PBXBuildFile; platformFilter = ios; productRef = B18EB91B295DFB15001E08D7 /* RxBlocking */; settings = {ATTRIBUTES = (Required, ); }; };
		B18EB91E295DFB15001E08D7 /* RxCocoa in Frameworks */ = {isa = PBXBuildFile; productRef = B18EB91D295DFB15001E08D7 /* RxCocoa */; };
		B18EB920295DFB15001E08D7 /* RxRelay in Frameworks */ = {isa = PBXBuildFile; productRef = B18EB91F295DFB15001E08D7 /* RxRelay */; };
		B18EB922295DFB15001E08D7 /* RxSwift in Frameworks */ = {isa = PBXBuildFile; productRef = B18EB921295DFB15001E08D7 /* RxSwift */; };
		B18EB924295DFB15001E08D7 /* RxTest in Frameworks */ = {isa = PBXBuildFile; platformFilter = ios; productRef = B18EB923295DFB15001E08D7 /* RxTest */; settings = {ATTRIBUTES = (Required, ); }; };
		B18EB927295DFB3F001E08D7 /* ReactorKit in Frameworks */ = {isa = PBXBuildFile; productRef = B18EB926295DFB3F001E08D7 /* ReactorKit */; };
		B18EB92A295DFB4C001E08D7 /* SnapKit in Frameworks */ = {isa = PBXBuildFile; productRef = B18EB929295DFB4C001E08D7 /* SnapKit */; };
		B1CA9A26295FF4050016EFCD /* ViewModelType.swift in Sources */ = {isa = PBXBuildFile; fileRef = B1CA9A25295FF4050016EFCD /* ViewModelType.swift */; };
		B1CA9A2D295FF72A0016EFCD /* Differentiator in Frameworks */ = {isa = PBXBuildFile; productRef = B1CA9A2C295FF72A0016EFCD /* Differentiator */; };
		B1CA9A2F295FF72A0016EFCD /* RxDataSources in Frameworks */ = {isa = PBXBuildFile; productRef = B1CA9A2E295FF72A0016EFCD /* RxDataSources */; };
		B1CA9A37295FF7970016EFCD /* UICollectionView+RxReusableKit.swift in Sources */ = {isa = PBXBuildFile; fileRef = B1CA9A32295FF7970016EFCD /* UICollectionView+RxReusableKit.swift */; };
		B1CA9A38295FF7970016EFCD /* UITableView+RxReusableKit.swift in Sources */ = {isa = PBXBuildFile; fileRef = B1CA9A33295FF7970016EFCD /* UITableView+RxReusableKit.swift */; };
		B1CA9A39295FF7970016EFCD /* UICollectionView+ReusableKit.swift in Sources */ = {isa = PBXBuildFile; fileRef = B1CA9A34295FF7970016EFCD /* UICollectionView+ReusableKit.swift */; };
		B1CA9A3A295FF7970016EFCD /* ReusableCell.swift in Sources */ = {isa = PBXBuildFile; fileRef = B1CA9A35295FF7970016EFCD /* ReusableCell.swift */; };
		B1CA9A3B295FF7970016EFCD /* UITableView+ReusableKit.swift in Sources */ = {isa = PBXBuildFile; fileRef = B1CA9A36295FF7970016EFCD /* UITableView+ReusableKit.swift */; };
		B1CA9A3D295FF83F0016EFCD /* BaseTableViewCell.swift in Sources */ = {isa = PBXBuildFile; fileRef = B1CA9A3C295FF83F0016EFCD /* BaseTableViewCell.swift */; };
		B1CA9A3F295FF8880016EFCD /* BaseCollectionViewCell.swift in Sources */ = {isa = PBXBuildFile; fileRef = B1CA9A3E295FF8880016EFCD /* BaseCollectionViewCell.swift */; };
		B1CA9A41296002FC0016EFCD /* Notice.swift in Sources */ = {isa = PBXBuildFile; fileRef = B1CA9A40296002FC0016EFCD /* Notice.swift */; };
		B1CA9A45296009560016EFCD /* NoticeCell.swift in Sources */ = {isa = PBXBuildFile; fileRef = B1CA9A44296009560016EFCD /* NoticeCell.swift */; };
		B1CA9A48296009950016EFCD /* NoticeCellViewModel.swift in Sources */ = {isa = PBXBuildFile; fileRef = B1CA9A47296009950016EFCD /* NoticeCellViewModel.swift */; };
		B1CA9A4A296009B60016EFCD /* NoticeSection.swift in Sources */ = {isa = PBXBuildFile; fileRef = B1CA9A49296009B60016EFCD /* NoticeSection.swift */; };
		B1CA9A4C2960184F0016EFCD /* UICollectionViewLayoutSet.swift in Sources */ = {isa = PBXBuildFile; fileRef = B1CA9A4B2960184F0016EFCD /* UICollectionViewLayoutSet.swift */; };
		B1CA9A53296029890016EFCD /* UIViewController+Rx.swift in Sources */ = {isa = PBXBuildFile; fileRef = B1CA9A52296029890016EFCD /* UIViewController+Rx.swift */; };
		B1CA9A56296029B30016EFCD /* NSCollectionLayoutItem+.swift in Sources */ = {isa = PBXBuildFile; fileRef = B1CA9A55296029B30016EFCD /* NSCollectionLayoutItem+.swift */; };
		B1CA9A58296029D30016EFCD /* NSCollectionLayoutSize.swift in Sources */ = {isa = PBXBuildFile; fileRef = B1CA9A57296029D30016EFCD /* NSCollectionLayoutSize.swift */; };
		B1CA9A5A29602B0B0016EFCD /* Observable+.swift in Sources */ = {isa = PBXBuildFile; fileRef = B1CA9A5929602B0B0016EFCD /* Observable+.swift */; };
		B1CA9A5D29603F060016EFCD /* NoticeRepository.swift in Sources */ = {isa = PBXBuildFile; fileRef = B1CA9A5C29603F060016EFCD /* NoticeRepository.swift */; };
		B1CA9A5F2960545C0016EFCD /* NoticeUseCase.swift in Sources */ = {isa = PBXBuildFile; fileRef = B1CA9A5E2960545C0016EFCD /* NoticeUseCase.swift */; };
		B1CA9A612960A24E0016EFCD /* NoticeNavigator.swift in Sources */ = {isa = PBXBuildFile; fileRef = B1CA9A602960A24E0016EFCD /* NoticeNavigator.swift */; };
		B1CA9A632960A25E0016EFCD /* NoticeViewModel.swift in Sources */ = {isa = PBXBuildFile; fileRef = B1CA9A622960A25E0016EFCD /* NoticeViewModel.swift */; };
		B1CA9A6829616A290016EFCD /* Application.swift in Sources */ = {isa = PBXBuildFile; fileRef = B1CA9A6729616A290016EFCD /* Application.swift */; };
		B1CA9A6A29616AB70016EFCD /* UseCaseProvider.swift in Sources */ = {isa = PBXBuildFile; fileRef = B1CA9A6929616AB70016EFCD /* UseCaseProvider.swift */; };
		B1CA9A6F29616DAA0016EFCD /* NoticeUseCaseProvider.swift in Sources */ = {isa = PBXBuildFile; fileRef = B1CA9A6E29616DAA0016EFCD /* NoticeUseCaseProvider.swift */; };
		B1CA9A76296192FB0016EFCD /* LocationSettingView.swift in Sources */ = {isa = PBXBuildFile; fileRef = B1CA9A75296192FB0016EFCD /* LocationSettingView.swift */; };
		B1CA9A792962C37D0016EFCD /* ComposableArchitecture in Frameworks */ = {isa = PBXBuildFile; productRef = B1CA9A782962C37D0016EFCD /* ComposableArchitecture */; };
		B1CA9A7B2962C3FD0016EFCD /* CounterView.swift in Sources */ = {isa = PBXBuildFile; fileRef = B1CA9A7A2962C3FD0016EFCD /* CounterView.swift */; };
/* End PBXBuildFile section */

/* Begin PBXContainerItemProxy section */
		B18EB8F2295DFA9D001E08D7 /* PBXContainerItemProxy */ = {
			isa = PBXContainerItemProxy;
			containerPortal = B18EB8D3295DFA9B001E08D7 /* Project object */;
			proxyType = 1;
			remoteGlobalIDString = B18EB8DA295DFA9B001E08D7;
			remoteInfo = UJeongApp;
		};
/* End PBXContainerItemProxy section */

/* Begin PBXFileReference section */
		B18EB8DB295DFA9B001E08D7 /* UJeongApp.app */ = {isa = PBXFileReference; explicitFileType = wrapper.application; includeInIndex = 0; path = UJeongApp.app; sourceTree = BUILT_PRODUCTS_DIR; };
		B18EB8DE295DFA9B001E08D7 /* AppDelegate.swift */ = {isa = PBXFileReference; lastKnownFileType = sourcecode.swift; path = AppDelegate.swift; sourceTree = "<group>"; };
		B18EB8E0295DFA9B001E08D7 /* SceneDelegate.swift */ = {isa = PBXFileReference; lastKnownFileType = sourcecode.swift; path = SceneDelegate.swift; sourceTree = "<group>"; };
		B18EB8E2295DFA9B001E08D7 /* NoticeViewController.swift */ = {isa = PBXFileReference; lastKnownFileType = sourcecode.swift; path = NoticeViewController.swift; sourceTree = "<group>"; };
		B18EB8E7295DFA9C001E08D7 /* Assets.xcassets */ = {isa = PBXFileReference; lastKnownFileType = folder.assetcatalog; path = Assets.xcassets; sourceTree = "<group>"; };
		B18EB8EA295DFA9C001E08D7 /* Base */ = {isa = PBXFileReference; lastKnownFileType = file.storyboard; name = Base; path = Base.lproj/LaunchScreen.storyboard; sourceTree = "<group>"; };
		B18EB8EC295DFA9C001E08D7 /* Info.plist */ = {isa = PBXFileReference; lastKnownFileType = text.plist.xml; path = Info.plist; sourceTree = "<group>"; };
		B18EB8F1295DFA9D001E08D7 /* UJeongAppTests.xctest */ = {isa = PBXFileReference; explicitFileType = wrapper.cfbundle; includeInIndex = 0; path = UJeongAppTests.xctest; sourceTree = BUILT_PRODUCTS_DIR; };
		B18EB8F5295DFA9D001E08D7 /* UJeongAppTests.swift */ = {isa = PBXFileReference; lastKnownFileType = sourcecode.swift; path = UJeongAppTests.swift; sourceTree = "<group>"; };
		B18EB910295DFAC2001E08D7 /* Response.swift */ = {isa = PBXFileReference; fileEncoding = 4; lastKnownFileType = sourcecode.swift; path = Response.swift; sourceTree = "<group>"; };
		B18EB911295DFAC2001E08D7 /* Request.swift */ = {isa = PBXFileReference; fileEncoding = 4; lastKnownFileType = sourcecode.swift; path = Request.swift; sourceTree = "<group>"; };
		B18EB913295DFAC2001E08D7 /* APIClient.swift */ = {isa = PBXFileReference; fileEncoding = 4; lastKnownFileType = sourcecode.swift; path = APIClient.swift; sourceTree = "<group>"; };
		B1CA9A25295FF4050016EFCD /* ViewModelType.swift */ = {isa = PBXFileReference; lastKnownFileType = sourcecode.swift; path = ViewModelType.swift; sourceTree = "<group>"; };
		B1CA9A32295FF7970016EFCD /* UICollectionView+RxReusableKit.swift */ = {isa = PBXFileReference; fileEncoding = 4; lastKnownFileType = sourcecode.swift; path = "UICollectionView+RxReusableKit.swift"; sourceTree = "<group>"; };
		B1CA9A33295FF7970016EFCD /* UITableView+RxReusableKit.swift */ = {isa = PBXFileReference; fileEncoding = 4; lastKnownFileType = sourcecode.swift; path = "UITableView+RxReusableKit.swift"; sourceTree = "<group>"; };
		B1CA9A34295FF7970016EFCD /* UICollectionView+ReusableKit.swift */ = {isa = PBXFileReference; fileEncoding = 4; lastKnownFileType = sourcecode.swift; path = "UICollectionView+ReusableKit.swift"; sourceTree = "<group>"; };
		B1CA9A35295FF7970016EFCD /* ReusableCell.swift */ = {isa = PBXFileReference; fileEncoding = 4; lastKnownFileType = sourcecode.swift; path = ReusableCell.swift; sourceTree = "<group>"; };
		B1CA9A36295FF7970016EFCD /* UITableView+ReusableKit.swift */ = {isa = PBXFileReference; fileEncoding = 4; lastKnownFileType = sourcecode.swift; path = "UITableView+ReusableKit.swift"; sourceTree = "<group>"; };
		B1CA9A3C295FF83F0016EFCD /* BaseTableViewCell.swift */ = {isa = PBXFileReference; lastKnownFileType = sourcecode.swift; path = BaseTableViewCell.swift; sourceTree = "<group>"; };
		B1CA9A3E295FF8880016EFCD /* BaseCollectionViewCell.swift */ = {isa = PBXFileReference; lastKnownFileType = sourcecode.swift; path = BaseCollectionViewCell.swift; sourceTree = "<group>"; };
		B1CA9A40296002FC0016EFCD /* Notice.swift */ = {isa = PBXFileReference; lastKnownFileType = sourcecode.swift; path = Notice.swift; sourceTree = "<group>"; };
		B1CA9A44296009560016EFCD /* NoticeCell.swift */ = {isa = PBXFileReference; lastKnownFileType = sourcecode.swift; path = NoticeCell.swift; sourceTree = "<group>"; };
		B1CA9A47296009950016EFCD /* NoticeCellViewModel.swift */ = {isa = PBXFileReference; lastKnownFileType = sourcecode.swift; path = NoticeCellViewModel.swift; sourceTree = "<group>"; };
		B1CA9A49296009B60016EFCD /* NoticeSection.swift */ = {isa = PBXFileReference; lastKnownFileType = sourcecode.swift; path = NoticeSection.swift; sourceTree = "<group>"; };
		B1CA9A4B2960184F0016EFCD /* UICollectionViewLayoutSet.swift */ = {isa = PBXFileReference; lastKnownFileType = sourcecode.swift; path = UICollectionViewLayoutSet.swift; sourceTree = "<group>"; };
		B1CA9A52296029890016EFCD /* UIViewController+Rx.swift */ = {isa = PBXFileReference; fileEncoding = 4; lastKnownFileType = sourcecode.swift; path = "UIViewController+Rx.swift"; sourceTree = "<group>"; };
		B1CA9A55296029B30016EFCD /* NSCollectionLayoutItem+.swift */ = {isa = PBXFileReference; lastKnownFileType = sourcecode.swift; path = "NSCollectionLayoutItem+.swift"; sourceTree = "<group>"; };
		B1CA9A57296029D30016EFCD /* NSCollectionLayoutSize.swift */ = {isa = PBXFileReference; lastKnownFileType = sourcecode.swift; path = NSCollectionLayoutSize.swift; sourceTree = "<group>"; };
		B1CA9A5929602B0B0016EFCD /* Observable+.swift */ = {isa = PBXFileReference; lastKnownFileType = sourcecode.swift; path = "Observable+.swift"; sourceTree = "<group>"; };
		B1CA9A5C29603F060016EFCD /* NoticeRepository.swift */ = {isa = PBXFileReference; lastKnownFileType = sourcecode.swift; path = NoticeRepository.swift; sourceTree = "<group>"; };
		B1CA9A5E2960545C0016EFCD /* NoticeUseCase.swift */ = {isa = PBXFileReference; lastKnownFileType = sourcecode.swift; path = NoticeUseCase.swift; sourceTree = "<group>"; };
		B1CA9A602960A24E0016EFCD /* NoticeNavigator.swift */ = {isa = PBXFileReference; lastKnownFileType = sourcecode.swift; path = NoticeNavigator.swift; sourceTree = "<group>"; };
		B1CA9A622960A25E0016EFCD /* NoticeViewModel.swift */ = {isa = PBXFileReference; lastKnownFileType = sourcecode.swift; path = NoticeViewModel.swift; sourceTree = "<group>"; };
		B1CA9A6729616A290016EFCD /* Application.swift */ = {isa = PBXFileReference; lastKnownFileType = sourcecode.swift; path = Application.swift; sourceTree = "<group>"; };
		B1CA9A6929616AB70016EFCD /* UseCaseProvider.swift */ = {isa = PBXFileReference; lastKnownFileType = sourcecode.swift; path = UseCaseProvider.swift; sourceTree = "<group>"; };
		B1CA9A6E29616DAA0016EFCD /* NoticeUseCaseProvider.swift */ = {isa = PBXFileReference; lastKnownFileType = sourcecode.swift; path = NoticeUseCaseProvider.swift; sourceTree = "<group>"; };
		B1CA9A75296192FB0016EFCD /* LocationSettingView.swift */ = {isa = PBXFileReference; lastKnownFileType = sourcecode.swift; path = LocationSettingView.swift; sourceTree = "<group>"; };
		B1CA9A7A2962C3FD0016EFCD /* CounterView.swift */ = {isa = PBXFileReference; lastKnownFileType = sourcecode.swift; path = CounterView.swift; sourceTree = "<group>"; };
/* End PBXFileReference section */

/* Begin PBXFrameworksBuildPhase section */
		B18EB8D8295DFA9B001E08D7 /* Frameworks */ = {
			isa = PBXFrameworksBuildPhase;
			buildActionMask = 2147483647;
			files = (
				B1CA9A2D295FF72A0016EFCD /* Differentiator in Frameworks */,
				B18EB920295DFB15001E08D7 /* RxRelay in Frameworks */,
				B18EB91E295DFB15001E08D7 /* RxCocoa in Frameworks */,
				B18EB922295DFB15001E08D7 /* RxSwift in Frameworks */,
				B18EB92A295DFB4C001E08D7 /* SnapKit in Frameworks */,
				B1CA9A2F295FF72A0016EFCD /* RxDataSources in Frameworks */,
				B1CA9A792962C37D0016EFCD /* ComposableArchitecture in Frameworks */,
				B18EB927295DFB3F001E08D7 /* ReactorKit in Frameworks */,
			);
			runOnlyForDeploymentPostprocessing = 0;
		};
		B18EB8EE295DFA9D001E08D7 /* Frameworks */ = {
			isa = PBXFrameworksBuildPhase;
			buildActionMask = 2147483647;
			files = (
				B18EB924295DFB15001E08D7 /* RxTest in Frameworks */,
				B18EB91C295DFB15001E08D7 /* RxBlocking in Frameworks */,
			);
			runOnlyForDeploymentPostprocessing = 0;
		};
/* End PBXFrameworksBuildPhase section */

/* Begin PBXGroup section */
		B1205D9F295DFFE3005B2FF8 /* Frameworks */ = {
			isa = PBXGroup;
			children = (
			);
			name = Frameworks;
			sourceTree = "<group>";
		};
		B18EB8D2295DFA9B001E08D7 = {
			isa = PBXGroup;
			children = (
				B18EB8DD295DFA9B001E08D7 /* UJeongApp */,
				B18EB8F4295DFA9D001E08D7 /* UJeongAppTests */,
				B18EB8DC295DFA9B001E08D7 /* Products */,
				B1205D9F295DFFE3005B2FF8 /* Frameworks */,
			);
			sourceTree = "<group>";
		};
		B18EB8DC295DFA9B001E08D7 /* Products */ = {
			isa = PBXGroup;
			children = (
				B18EB8DB295DFA9B001E08D7 /* UJeongApp.app */,
				B18EB8F1295DFA9D001E08D7 /* UJeongAppTests.xctest */,
			);
			name = Products;
			sourceTree = "<group>";
		};
		B18EB8DD295DFA9B001E08D7 /* UJeongApp */ = {
			isa = PBXGroup;
			children = (
				B1CA9A712961723C0016EFCD /* APP */,
				B1CA9A64296169180016EFCD /* Core */,
				B1CA9A28295FF41C0016EFCD /* SDK */,
			);
			path = UJeongApp;
			sourceTree = "<group>";
		};
		B18EB8F4295DFA9D001E08D7 /* UJeongAppTests */ = {
			isa = PBXGroup;
			children = (
				B18EB8F5295DFA9D001E08D7 /* UJeongAppTests.swift */,
			);
			path = UJeongAppTests;
			sourceTree = "<group>";
		};
		B18EB90E295DFAC2001E08D7 /* API */ = {
			isa = PBXGroup;
			children = (
				B18EB912295DFAC2001E08D7 /* Client */,
				B18EB90F295DFAC2001E08D7 /* Common */,
			);
			path = API;
			sourceTree = "<group>";
		};
		B18EB90F295DFAC2001E08D7 /* Common */ = {
			isa = PBXGroup;
			children = (
				B18EB910295DFAC2001E08D7 /* Response.swift */,
				B18EB911295DFAC2001E08D7 /* Request.swift */,
			);
			path = Common;
			sourceTree = "<group>";
		};
		B18EB912295DFAC2001E08D7 /* Client */ = {
			isa = PBXGroup;
			children = (
				B18EB913295DFAC2001E08D7 /* APIClient.swift */,
			);
			path = Client;
			sourceTree = "<group>";
		};
		B1CA9A27295FF40F0016EFCD /* Common */ = {
			isa = PBXGroup;
			children = (
				B1CA9A25295FF4050016EFCD /* ViewModelType.swift */,
				B1CA9A4D296018690016EFCD /* BaseArchitecture */,
				B1CA9A4E2960187E0016EFCD /* BaseLayout */,
			);
			path = Common;
			sourceTree = "<group>";
		};
		B1CA9A28295FF41C0016EFCD /* SDK */ = {
			isa = PBXGroup;
			children = (
				B1CA9A65296169890016EFCD /* Repository */,
				B18EB90E295DFAC2001E08D7 /* API */,
			);
			path = SDK;
			sourceTree = "<group>";
		};
		B1CA9A29295FF4280016EFCD /* SupportingFiles */ = {
			isa = PBXGroup;
			children = (
				B18EB8E7295DFA9C001E08D7 /* Assets.xcassets */,
				B18EB8E9295DFA9C001E08D7 /* LaunchScreen.storyboard */,
				B18EB8EC295DFA9C001E08D7 /* Info.plist */,
			);
			path = SupportingFiles;
			sourceTree = "<group>";
		};
		B1CA9A2A295FF6970016EFCD /* Notice */ = {
			isa = PBXGroup;
			children = (
				B18EB8E2295DFA9B001E08D7 /* NoticeViewController.swift */,
				B1CA9A622960A25E0016EFCD /* NoticeViewModel.swift */,
				B1CA9A49296009B60016EFCD /* NoticeSection.swift */,
				B1CA9A602960A24E0016EFCD /* NoticeNavigator.swift */,
			);
			path = Notice;
			sourceTree = "<group>";
		};
		B1CA9A30295FF7970016EFCD /* ThirdParty */ = {
			isa = PBXGroup;
			children = (
				B1CA9A31295FF7970016EFCD /* ReusableKit */,
			);
			path = ThirdParty;
			sourceTree = "<group>";
		};
		B1CA9A31295FF7970016EFCD /* ReusableKit */ = {
			isa = PBXGroup;
			children = (
				B1CA9A32295FF7970016EFCD /* UICollectionView+RxReusableKit.swift */,
				B1CA9A33295FF7970016EFCD /* UITableView+RxReusableKit.swift */,
				B1CA9A34295FF7970016EFCD /* UICollectionView+ReusableKit.swift */,
				B1CA9A35295FF7970016EFCD /* ReusableCell.swift */,
				B1CA9A36295FF7970016EFCD /* UITableView+ReusableKit.swift */,
			);
			path = ReusableKit;
			sourceTree = "<group>";
		};
		B1CA9A432960030C0016EFCD /* Models */ = {
			isa = PBXGroup;
			children = (
				B1CA9A40296002FC0016EFCD /* Notice.swift */,
			);
			path = Models;
			sourceTree = "<group>";
		};
		B1CA9A462960095A0016EFCD /* Cells */ = {
			isa = PBXGroup;
			children = (
				B1CA9A66296169D70016EFCD /* Notice */,
			);
			path = Cells;
			sourceTree = "<group>";
		};
		B1CA9A4D296018690016EFCD /* BaseArchitecture */ = {
			isa = PBXGroup;
			children = (
				B1CA9A3C295FF83F0016EFCD /* BaseTableViewCell.swift */,
				B1CA9A3E295FF8880016EFCD /* BaseCollectionViewCell.swift */,
			);
			path = BaseArchitecture;
			sourceTree = "<group>";
		};
		B1CA9A4E2960187E0016EFCD /* BaseLayout */ = {
			isa = PBXGroup;
			children = (
				B1CA9A4B2960184F0016EFCD /* UICollectionViewLayoutSet.swift */,
			);
			path = BaseLayout;
			sourceTree = "<group>";
		};
		B1CA9A4F296025060016EFCD /* Scene */ = {
			isa = PBXGroup;
			children = (
				B1CA9A2A295FF6970016EFCD /* Notice */,
				B1CA9A462960095A0016EFCD /* Cells */,
				B1CA9A74296189F60016EFCD /* LocationSetting */,
			);
			path = Scene;
			sourceTree = "<group>";
		};
		B1CA9A542960298C0016EFCD /* Extension */ = {
			isa = PBXGroup;
			children = (
				B1CA9A52296029890016EFCD /* UIViewController+Rx.swift */,
				B1CA9A55296029B30016EFCD /* NSCollectionLayoutItem+.swift */,
				B1CA9A57296029D30016EFCD /* NSCollectionLayoutSize.swift */,
				B1CA9A5929602B0B0016EFCD /* Observable+.swift */,
			);
			path = Extension;
			sourceTree = "<group>";
		};
		B1CA9A64296169180016EFCD /* Core */ = {
			isa = PBXGroup;
			children = (
				B1CA9A432960030C0016EFCD /* Models */,
				B1CA9A7029616E3C0016EFCD /* UseCases */,
				B1CA9A30295FF7970016EFCD /* ThirdParty */,
			);
			path = Core;
			sourceTree = "<group>";
		};
		B1CA9A65296169890016EFCD /* Repository */ = {
			isa = PBXGroup;
			children = (
				B1CA9A5C29603F060016EFCD /* NoticeRepository.swift */,
			);
			path = Repository;
			sourceTree = "<group>";
		};
		B1CA9A66296169D70016EFCD /* Notice */ = {
			isa = PBXGroup;
			children = (
				B1CA9A44296009560016EFCD /* NoticeCell.swift */,
				B1CA9A47296009950016EFCD /* NoticeCellViewModel.swift */,
			);
			path = Notice;
			sourceTree = "<group>";
		};
		B1CA9A6B29616D350016EFCD /* NoticePlatform */ = {
			isa = PBXGroup;
			children = (
				B1CA9A6D29616D8B0016EFCD /* UseCases */,
			);
			path = NoticePlatform;
			sourceTree = "<group>";
		};
		B1CA9A6D29616D8B0016EFCD /* UseCases */ = {
			isa = PBXGroup;
			children = (
				B1CA9A5E2960545C0016EFCD /* NoticeUseCase.swift */,
				B1CA9A6E29616DAA0016EFCD /* NoticeUseCaseProvider.swift */,
			);
			path = UseCases;
			sourceTree = "<group>";
		};
		B1CA9A7029616E3C0016EFCD /* UseCases */ = {
			isa = PBXGroup;
			children = (
				B1CA9A6929616AB70016EFCD /* UseCaseProvider.swift */,
			);
			path = UseCases;
			sourceTree = "<group>";
		};
		B1CA9A712961723C0016EFCD /* APP */ = {
			isa = PBXGroup;
			children = (
				B18EB8DE295DFA9B001E08D7 /* AppDelegate.swift */,
				B18EB8E0295DFA9B001E08D7 /* SceneDelegate.swift */,
				B1CA9A6729616A290016EFCD /* Application.swift */,
				B1CA9A4F296025060016EFCD /* Scene */,
				B1CA9A6B29616D350016EFCD /* NoticePlatform */,
				B1CA9A27295FF40F0016EFCD /* Common */,
				B1CA9A542960298C0016EFCD /* Extension */,
				B1CA9A29295FF4280016EFCD /* SupportingFiles */,
			);
			path = APP;
			sourceTree = "<group>";
		};
		B1CA9A74296189F60016EFCD /* LocationSetting */ = {
			isa = PBXGroup;
			children = (
				B1CA9A75296192FB0016EFCD /* LocationSettingView.swift */,
				B1CA9A7A2962C3FD0016EFCD /* CounterView.swift */,
			);
			path = LocationSetting;
			sourceTree = "<group>";
		};
/* End PBXGroup section */

/* Begin PBXNativeTarget section */
		B18EB8DA295DFA9B001E08D7 /* UJeongApp */ = {
			isa = PBXNativeTarget;
			buildConfigurationList = B18EB905295DFA9D001E08D7 /* Build configuration list for PBXNativeTarget "UJeongApp" */;
			buildPhases = (
				B18EB8D7295DFA9B001E08D7 /* Sources */,
				B18EB8D8295DFA9B001E08D7 /* Frameworks */,
				B18EB8D9295DFA9B001E08D7 /* Resources */,
			);
			buildRules = (
			);
			dependencies = (
			);
			name = UJeongApp;
			packageProductDependencies = (
				B18EB91D295DFB15001E08D7 /* RxCocoa */,
				B18EB91F295DFB15001E08D7 /* RxRelay */,
				B18EB921295DFB15001E08D7 /* RxSwift */,
				B18EB926295DFB3F001E08D7 /* ReactorKit */,
				B18EB929295DFB4C001E08D7 /* SnapKit */,
				B1CA9A2C295FF72A0016EFCD /* Differentiator */,
				B1CA9A2E295FF72A0016EFCD /* RxDataSources */,
				B1CA9A782962C37D0016EFCD /* ComposableArchitecture */,
			);
			productName = UJeongApp;
			productReference = B18EB8DB295DFA9B001E08D7 /* UJeongApp.app */;
			productType = "com.apple.product-type.application";
		};
		B18EB8F0295DFA9D001E08D7 /* UJeongAppTests */ = {
			isa = PBXNativeTarget;
			buildConfigurationList = B18EB908295DFA9D001E08D7 /* Build configuration list for PBXNativeTarget "UJeongAppTests" */;
			buildPhases = (
				B18EB8ED295DFA9D001E08D7 /* Sources */,
				B18EB8EE295DFA9D001E08D7 /* Frameworks */,
				B18EB8EF295DFA9D001E08D7 /* Resources */,
			);
			buildRules = (
			);
			dependencies = (
				B18EB8F3295DFA9D001E08D7 /* PBXTargetDependency */,
			);
			name = UJeongAppTests;
			packageProductDependencies = (
				B18EB91B295DFB15001E08D7 /* RxBlocking */,
				B18EB923295DFB15001E08D7 /* RxTest */,
			);
			productName = UJeongAppTests;
			productReference = B18EB8F1295DFA9D001E08D7 /* UJeongAppTests.xctest */;
			productType = "com.apple.product-type.bundle.unit-test";
		};
/* End PBXNativeTarget section */

/* Begin PBXProject section */
		B18EB8D3295DFA9B001E08D7 /* Project object */ = {
			isa = PBXProject;
			attributes = {
				BuildIndependentTargetsInParallel = 1;
				LastSwiftUpdateCheck = 1400;
				LastUpgradeCheck = 1400;
				TargetAttributes = {
					B18EB8DA295DFA9B001E08D7 = {
						CreatedOnToolsVersion = 14.0;
					};
					B18EB8F0295DFA9D001E08D7 = {
						CreatedOnToolsVersion = 14.0;
						TestTargetID = B18EB8DA295DFA9B001E08D7;
					};
				};
			};
			buildConfigurationList = B18EB8D6295DFA9B001E08D7 /* Build configuration list for PBXProject "UJeongApp" */;
			compatibilityVersion = "Xcode 14.0";
			developmentRegion = en;
			hasScannedForEncodings = 0;
			knownRegions = (
				en,
				Base,
			);
			mainGroup = B18EB8D2295DFA9B001E08D7;
			packageReferences = (
				B18EB91A295DFB15001E08D7 /* XCRemoteSwiftPackageReference "RxSwift" */,
				B18EB925295DFB3F001E08D7 /* XCRemoteSwiftPackageReference "ReactorKit" */,
				B18EB928295DFB4C001E08D7 /* XCRemoteSwiftPackageReference "SnapKit" */,
				B1CA9A2B295FF72A0016EFCD /* XCRemoteSwiftPackageReference "RxDataSources" */,
				B1CA9A772962C37D0016EFCD /* XCRemoteSwiftPackageReference "swift-composable-architecture" */,
			);
			productRefGroup = B18EB8DC295DFA9B001E08D7 /* Products */;
			projectDirPath = "";
			projectRoot = "";
			targets = (
				B18EB8DA295DFA9B001E08D7 /* UJeongApp */,
				B18EB8F0295DFA9D001E08D7 /* UJeongAppTests */,
			);
		};
/* End PBXProject section */

/* Begin PBXResourcesBuildPhase section */
		B18EB8D9295DFA9B001E08D7 /* Resources */ = {
			isa = PBXResourcesBuildPhase;
			buildActionMask = 2147483647;
			files = (
				B18EB8EB295DFA9C001E08D7 /* LaunchScreen.storyboard in Resources */,
				B18EB8E8295DFA9C001E08D7 /* Assets.xcassets in Resources */,
			);
			runOnlyForDeploymentPostprocessing = 0;
		};
		B18EB8EF295DFA9D001E08D7 /* Resources */ = {
			isa = PBXResourcesBuildPhase;
			buildActionMask = 2147483647;
			files = (
			);
			runOnlyForDeploymentPostprocessing = 0;
		};
/* End PBXResourcesBuildPhase section */

/* Begin PBXSourcesBuildPhase section */
		B18EB8D7295DFA9B001E08D7 /* Sources */ = {
			isa = PBXSourcesBuildPhase;
			buildActionMask = 2147483647;
			files = (
				B1CA9A76296192FB0016EFCD /* LocationSettingView.swift in Sources */,
				B1CA9A5F2960545C0016EFCD /* NoticeUseCase.swift in Sources */,
				B1CA9A41296002FC0016EFCD /* Notice.swift in Sources */,
				B18EB914295DFAC2001E08D7 /* Response.swift in Sources */,
				B1CA9A53296029890016EFCD /* UIViewController+Rx.swift in Sources */,
				B1CA9A4A296009B60016EFCD /* NoticeSection.swift in Sources */,
				B1CA9A3F295FF8880016EFCD /* BaseCollectionViewCell.swift in Sources */,
				B1CA9A7B2962C3FD0016EFCD /* CounterView.swift in Sources */,
				B18EB8E3295DFA9B001E08D7 /* NoticeViewController.swift in Sources */,
				B18EB915295DFAC2001E08D7 /* Request.swift in Sources */,
				B1CA9A6829616A290016EFCD /* Application.swift in Sources */,
				B1CA9A48296009950016EFCD /* NoticeCellViewModel.swift in Sources */,
				B1CA9A6A29616AB70016EFCD /* UseCaseProvider.swift in Sources */,
				B1CA9A3B295FF7970016EFCD /* UITableView+ReusableKit.swift in Sources */,
				B1CA9A58296029D30016EFCD /* NSCollectionLayoutSize.swift in Sources */,
				B1CA9A38295FF7970016EFCD /* UITableView+RxReusableKit.swift in Sources */,
				B1CA9A5D29603F060016EFCD /* NoticeRepository.swift in Sources */,
				B1CA9A3A295FF7970016EFCD /* ReusableCell.swift in Sources */,
				B1CA9A6F29616DAA0016EFCD /* NoticeUseCaseProvider.swift in Sources */,
				B18EB8DF295DFA9B001E08D7 /* AppDelegate.swift in Sources */,
				B1CA9A5A29602B0B0016EFCD /* Observable+.swift in Sources */,
				B1CA9A632960A25E0016EFCD /* NoticeViewModel.swift in Sources */,
				B1CA9A37295FF7970016EFCD /* UICollectionView+RxReusableKit.swift in Sources */,
				B18EB8E1295DFA9B001E08D7 /* SceneDelegate.swift in Sources */,
				B18EB916295DFAC2001E08D7 /* APIClient.swift in Sources */,
				B1CA9A39295FF7970016EFCD /* UICollectionView+ReusableKit.swift in Sources */,
				B1CA9A45296009560016EFCD /* NoticeCell.swift in Sources */,
				B1CA9A612960A24E0016EFCD /* NoticeNavigator.swift in Sources */,
				B1CA9A56296029B30016EFCD /* NSCollectionLayoutItem+.swift in Sources */,
				B1CA9A3D295FF83F0016EFCD /* BaseTableViewCell.swift in Sources */,
				B1CA9A4C2960184F0016EFCD /* UICollectionViewLayoutSet.swift in Sources */,
				B1CA9A26295FF4050016EFCD /* ViewModelType.swift in Sources */,
			);
			runOnlyForDeploymentPostprocessing = 0;
		};
		B18EB8ED295DFA9D001E08D7 /* Sources */ = {
			isa = PBXSourcesBuildPhase;
			buildActionMask = 2147483647;
			files = (
				B18EB8F6295DFA9D001E08D7 /* UJeongAppTests.swift in Sources */,
			);
			runOnlyForDeploymentPostprocessing = 0;
		};
/* End PBXSourcesBuildPhase section */

/* Begin PBXTargetDependency section */
		B18EB8F3295DFA9D001E08D7 /* PBXTargetDependency */ = {
			isa = PBXTargetDependency;
			target = B18EB8DA295DFA9B001E08D7 /* UJeongApp */;
			targetProxy = B18EB8F2295DFA9D001E08D7 /* PBXContainerItemProxy */;
		};
/* End PBXTargetDependency section */

/* Begin PBXVariantGroup section */
		B18EB8E9295DFA9C001E08D7 /* LaunchScreen.storyboard */ = {
			isa = PBXVariantGroup;
			children = (
				B18EB8EA295DFA9C001E08D7 /* Base */,
			);
			name = LaunchScreen.storyboard;
			sourceTree = "<group>";
		};
/* End PBXVariantGroup section */

/* Begin XCBuildConfiguration section */
		B18EB903295DFA9D001E08D7 /* Debug */ = {
			isa = XCBuildConfiguration;
			buildSettings = {
				ALWAYS_SEARCH_USER_PATHS = NO;
				CLANG_ANALYZER_NONNULL = YES;
				CLANG_ANALYZER_NUMBER_OBJECT_CONVERSION = YES_AGGRESSIVE;
				CLANG_CXX_LANGUAGE_STANDARD = "gnu++20";
				CLANG_ENABLE_MODULES = YES;
				CLANG_ENABLE_OBJC_ARC = YES;
				CLANG_ENABLE_OBJC_WEAK = YES;
				CLANG_WARN_BLOCK_CAPTURE_AUTORELEASING = YES;
				CLANG_WARN_BOOL_CONVERSION = YES;
				CLANG_WARN_COMMA = YES;
				CLANG_WARN_CONSTANT_CONVERSION = YES;
				CLANG_WARN_DEPRECATED_OBJC_IMPLEMENTATIONS = YES;
				CLANG_WARN_DIRECT_OBJC_ISA_USAGE = YES_ERROR;
				CLANG_WARN_DOCUMENTATION_COMMENTS = YES;
				CLANG_WARN_EMPTY_BODY = YES;
				CLANG_WARN_ENUM_CONVERSION = YES;
				CLANG_WARN_INFINITE_RECURSION = YES;
				CLANG_WARN_INT_CONVERSION = YES;
				CLANG_WARN_NON_LITERAL_NULL_CONVERSION = YES;
				CLANG_WARN_OBJC_IMPLICIT_RETAIN_SELF = YES;
				CLANG_WARN_OBJC_LITERAL_CONVERSION = YES;
				CLANG_WARN_OBJC_ROOT_CLASS = YES_ERROR;
				CLANG_WARN_QUOTED_INCLUDE_IN_FRAMEWORK_HEADER = YES;
				CLANG_WARN_RANGE_LOOP_ANALYSIS = YES;
				CLANG_WARN_STRICT_PROTOTYPES = YES;
				CLANG_WARN_SUSPICIOUS_MOVE = YES;
				CLANG_WARN_UNGUARDED_AVAILABILITY = YES_AGGRESSIVE;
				CLANG_WARN_UNREACHABLE_CODE = YES;
				CLANG_WARN__DUPLICATE_METHOD_MATCH = YES;
				COPY_PHASE_STRIP = NO;
				DEBUG_INFORMATION_FORMAT = dwarf;
				ENABLE_STRICT_OBJC_MSGSEND = YES;
				ENABLE_TESTABILITY = YES;
				GCC_C_LANGUAGE_STANDARD = gnu11;
				GCC_DYNAMIC_NO_PIC = NO;
				GCC_NO_COMMON_BLOCKS = YES;
				GCC_OPTIMIZATION_LEVEL = 0;
				GCC_PREPROCESSOR_DEFINITIONS = (
					"DEBUG=1",
					"$(inherited)",
				);
				GCC_WARN_64_TO_32_BIT_CONVERSION = YES;
				GCC_WARN_ABOUT_RETURN_TYPE = YES_ERROR;
				GCC_WARN_UNDECLARED_SELECTOR = YES;
				GCC_WARN_UNINITIALIZED_AUTOS = YES_AGGRESSIVE;
				GCC_WARN_UNUSED_FUNCTION = YES;
				GCC_WARN_UNUSED_VARIABLE = YES;
				IPHONEOS_DEPLOYMENT_TARGET = 15.0;
				MTL_ENABLE_DEBUG_INFO = INCLUDE_SOURCE;
				MTL_FAST_MATH = YES;
				ONLY_ACTIVE_ARCH = YES;
				SDKROOT = iphoneos;
				SWIFT_ACTIVE_COMPILATION_CONDITIONS = DEBUG;
				SWIFT_OPTIMIZATION_LEVEL = "-Onone";
			};
			name = Debug;
		};
		B18EB904295DFA9D001E08D7 /* Release */ = {
			isa = XCBuildConfiguration;
			buildSettings = {
				ALWAYS_SEARCH_USER_PATHS = NO;
				CLANG_ANALYZER_NONNULL = YES;
				CLANG_ANALYZER_NUMBER_OBJECT_CONVERSION = YES_AGGRESSIVE;
				CLANG_CXX_LANGUAGE_STANDARD = "gnu++20";
				CLANG_ENABLE_MODULES = YES;
				CLANG_ENABLE_OBJC_ARC = YES;
				CLANG_ENABLE_OBJC_WEAK = YES;
				CLANG_WARN_BLOCK_CAPTURE_AUTORELEASING = YES;
				CLANG_WARN_BOOL_CONVERSION = YES;
				CLANG_WARN_COMMA = YES;
				CLANG_WARN_CONSTANT_CONVERSION = YES;
				CLANG_WARN_DEPRECATED_OBJC_IMPLEMENTATIONS = YES;
				CLANG_WARN_DIRECT_OBJC_ISA_USAGE = YES_ERROR;
				CLANG_WARN_DOCUMENTATION_COMMENTS = YES;
				CLANG_WARN_EMPTY_BODY = YES;
				CLANG_WARN_ENUM_CONVERSION = YES;
				CLANG_WARN_INFINITE_RECURSION = YES;
				CLANG_WARN_INT_CONVERSION = YES;
				CLANG_WARN_NON_LITERAL_NULL_CONVERSION = YES;
				CLANG_WARN_OBJC_IMPLICIT_RETAIN_SELF = YES;
				CLANG_WARN_OBJC_LITERAL_CONVERSION = YES;
				CLANG_WARN_OBJC_ROOT_CLASS = YES_ERROR;
				CLANG_WARN_QUOTED_INCLUDE_IN_FRAMEWORK_HEADER = YES;
				CLANG_WARN_RANGE_LOOP_ANALYSIS = YES;
				CLANG_WARN_STRICT_PROTOTYPES = YES;
				CLANG_WARN_SUSPICIOUS_MOVE = YES;
				CLANG_WARN_UNGUARDED_AVAILABILITY = YES_AGGRESSIVE;
				CLANG_WARN_UNREACHABLE_CODE = YES;
				CLANG_WARN__DUPLICATE_METHOD_MATCH = YES;
				COPY_PHASE_STRIP = NO;
				DEBUG_INFORMATION_FORMAT = "dwarf-with-dsym";
				ENABLE_NS_ASSERTIONS = NO;
				ENABLE_STRICT_OBJC_MSGSEND = YES;
				GCC_C_LANGUAGE_STANDARD = gnu11;
				GCC_NO_COMMON_BLOCKS = YES;
				GCC_WARN_64_TO_32_BIT_CONVERSION = YES;
				GCC_WARN_ABOUT_RETURN_TYPE = YES_ERROR;
				GCC_WARN_UNDECLARED_SELECTOR = YES;
				GCC_WARN_UNINITIALIZED_AUTOS = YES_AGGRESSIVE;
				GCC_WARN_UNUSED_FUNCTION = YES;
				GCC_WARN_UNUSED_VARIABLE = YES;
				IPHONEOS_DEPLOYMENT_TARGET = 15.0;
				MTL_ENABLE_DEBUG_INFO = NO;
				MTL_FAST_MATH = YES;
				SDKROOT = iphoneos;
				SWIFT_COMPILATION_MODE = wholemodule;
				SWIFT_OPTIMIZATION_LEVEL = "-O";
				VALIDATE_PRODUCT = YES;
			};
			name = Release;
		};
		B18EB906295DFA9D001E08D7 /* Debug */ = {
			isa = XCBuildConfiguration;
			buildSettings = {
				ASSETCATALOG_COMPILER_APPICON_NAME = AppIcon;
				ASSETCATALOG_COMPILER_GLOBAL_ACCENT_COLOR_NAME = AccentColor;
				CODE_SIGN_STYLE = Automatic;
				CURRENT_PROJECT_VERSION = 1;
				DEVELOPMENT_TEAM = 38PD5AHVVF;
				GENERATE_INFOPLIST_FILE = YES;
				INFOPLIST_FILE = UJeongApp/APP/SupportingFiles/Info.plist;
				INFOPLIST_KEY_UIApplicationSupportsIndirectInputEvents = YES;
				INFOPLIST_KEY_UILaunchStoryboardName = LaunchScreen;
				INFOPLIST_KEY_UISupportedInterfaceOrientations_iPad = "UIInterfaceOrientationPortrait UIInterfaceOrientationPortraitUpsideDown UIInterfaceOrientationLandscapeLeft UIInterfaceOrientationLandscapeRight";
				INFOPLIST_KEY_UISupportedInterfaceOrientations_iPhone = "UIInterfaceOrientationPortrait UIInterfaceOrientationLandscapeLeft UIInterfaceOrientationLandscapeRight";
				LD_RUNPATH_SEARCH_PATHS = (
					"$(inherited)",
					"@executable_path/Frameworks",
				);
				MARKETING_VERSION = 1.0;
				PRODUCT_BUNDLE_IDENTIFIER = lgvv.UJeongApp;
				PRODUCT_NAME = "$(TARGET_NAME)";
				SUPPORTED_PLATFORMS = "iphoneos iphonesimulator";
				SUPPORTS_MACCATALYST = NO;
				SUPPORTS_MAC_DESIGNED_FOR_IPHONE_IPAD = NO;
				SWIFT_EMIT_LOC_STRINGS = YES;
				SWIFT_VERSION = 5.0;
				TARGETED_DEVICE_FAMILY = 1;
			};
			name = Debug;
		};
		B18EB907295DFA9D001E08D7 /* Release */ = {
			isa = XCBuildConfiguration;
			buildSettings = {
				ASSETCATALOG_COMPILER_APPICON_NAME = AppIcon;
				ASSETCATALOG_COMPILER_GLOBAL_ACCENT_COLOR_NAME = AccentColor;
				CODE_SIGN_STYLE = Automatic;
				CURRENT_PROJECT_VERSION = 1;
				DEVELOPMENT_TEAM = 38PD5AHVVF;
				GENERATE_INFOPLIST_FILE = YES;
				INFOPLIST_FILE = UJeongApp/APP/SupportingFiles/Info.plist;
				INFOPLIST_KEY_UIApplicationSupportsIndirectInputEvents = YES;
				INFOPLIST_KEY_UILaunchStoryboardName = LaunchScreen;
				INFOPLIST_KEY_UISupportedInterfaceOrientations_iPad = "UIInterfaceOrientationPortrait UIInterfaceOrientationPortraitUpsideDown UIInterfaceOrientationLandscapeLeft UIInterfaceOrientationLandscapeRight";
				INFOPLIST_KEY_UISupportedInterfaceOrientations_iPhone = "UIInterfaceOrientationPortrait UIInterfaceOrientationLandscapeLeft UIInterfaceOrientationLandscapeRight";
				LD_RUNPATH_SEARCH_PATHS = (
					"$(inherited)",
					"@executable_path/Frameworks",
				);
				MARKETING_VERSION = 1.0;
				PRODUCT_BUNDLE_IDENTIFIER = lgvv.UJeongApp;
				PRODUCT_NAME = "$(TARGET_NAME)";
				SUPPORTED_PLATFORMS = "iphoneos iphonesimulator";
				SUPPORTS_MACCATALYST = NO;
				SUPPORTS_MAC_DESIGNED_FOR_IPHONE_IPAD = NO;
				SWIFT_EMIT_LOC_STRINGS = YES;
				SWIFT_VERSION = 5.0;
				TARGETED_DEVICE_FAMILY = 1;
			};
			name = Release;
		};
		B18EB909295DFA9D001E08D7 /* Debug */ = {
			isa = XCBuildConfiguration;
			buildSettings = {
				ALWAYS_EMBED_SWIFT_STANDARD_LIBRARIES = YES;
				BUNDLE_LOADER = "$(TEST_HOST)";
				CODE_SIGN_STYLE = Automatic;
				CURRENT_PROJECT_VERSION = 1;
				DEVELOPMENT_TEAM = 38PD5AHVVF;
				GENERATE_INFOPLIST_FILE = YES;
				IPHONEOS_DEPLOYMENT_TARGET = 16.0;
				MARKETING_VERSION = 1.0;
				PRODUCT_BUNDLE_IDENTIFIER = lgvv.UJeongAppTests;
				PRODUCT_NAME = "$(TARGET_NAME)";
				SWIFT_EMIT_LOC_STRINGS = NO;
				SWIFT_VERSION = 5.0;
				TARGETED_DEVICE_FAMILY = 1;
				TEST_HOST = "$(BUILT_PRODUCTS_DIR)/UJeongApp.app/$(BUNDLE_EXECUTABLE_FOLDER_PATH)/UJeongApp";
			};
			name = Debug;
		};
		B18EB90A295DFA9D001E08D7 /* Release */ = {
			isa = XCBuildConfiguration;
			buildSettings = {
				ALWAYS_EMBED_SWIFT_STANDARD_LIBRARIES = YES;
				BUNDLE_LOADER = "$(TEST_HOST)";
				CODE_SIGN_STYLE = Automatic;
				CURRENT_PROJECT_VERSION = 1;
				DEVELOPMENT_TEAM = 38PD5AHVVF;
				GENERATE_INFOPLIST_FILE = YES;
				IPHONEOS_DEPLOYMENT_TARGET = 16.0;
				MARKETING_VERSION = 1.0;
				PRODUCT_BUNDLE_IDENTIFIER = lgvv.UJeongAppTests;
				PRODUCT_NAME = "$(TARGET_NAME)";
				SWIFT_EMIT_LOC_STRINGS = NO;
				SWIFT_VERSION = 5.0;
				TARGETED_DEVICE_FAMILY = 1;
				TEST_HOST = "$(BUILT_PRODUCTS_DIR)/UJeongApp.app/$(BUNDLE_EXECUTABLE_FOLDER_PATH)/UJeongApp";
			};
			name = Release;
		};
/* End XCBuildConfiguration section */

/* Begin XCConfigurationList section */
		B18EB8D6295DFA9B001E08D7 /* Build configuration list for PBXProject "UJeongApp" */ = {
			isa = XCConfigurationList;
			buildConfigurations = (
				B18EB903295DFA9D001E08D7 /* Debug */,
				B18EB904295DFA9D001E08D7 /* Release */,
			);
			defaultConfigurationIsVisible = 0;
			defaultConfigurationName = Release;
		};
		B18EB905295DFA9D001E08D7 /* Build configuration list for PBXNativeTarget "UJeongApp" */ = {
			isa = XCConfigurationList;
			buildConfigurations = (
				B18EB906295DFA9D001E08D7 /* Debug */,
				B18EB907295DFA9D001E08D7 /* Release */,
			);
			defaultConfigurationIsVisible = 0;
			defaultConfigurationName = Release;
		};
		B18EB908295DFA9D001E08D7 /* Build configuration list for PBXNativeTarget "UJeongAppTests" */ = {
			isa = XCConfigurationList;
			buildConfigurations = (
				B18EB909295DFA9D001E08D7 /* Debug */,
				B18EB90A295DFA9D001E08D7 /* Release */,
			);
			defaultConfigurationIsVisible = 0;
			defaultConfigurationName = Release;
		};
/* End XCConfigurationList section */

/* Begin XCRemoteSwiftPackageReference section */
		B18EB91A295DFB15001E08D7 /* XCRemoteSwiftPackageReference "RxSwift" */ = {
			isa = XCRemoteSwiftPackageReference;
			repositoryURL = "https://github.com/ReactiveX/RxSwift";
			requirement = {
				kind = upToNextMinorVersion;
				minimumVersion = 6.5.0;
			};
		};
		B18EB925295DFB3F001E08D7 /* XCRemoteSwiftPackageReference "ReactorKit" */ = {
			isa = XCRemoteSwiftPackageReference;
			repositoryURL = "https://github.com/ReactorKit/ReactorKit.git";
			requirement = {
				kind = upToNextMinorVersion;
				minimumVersion = 3.2.0;
			};
		};
		B18EB928295DFB4C001E08D7 /* XCRemoteSwiftPackageReference "SnapKit" */ = {
			isa = XCRemoteSwiftPackageReference;
			repositoryURL = "https://github.com/SnapKit/SnapKit";
			requirement = {
				kind = upToNextMinorVersion;
				minimumVersion = 5.6.0;
			};
		};
		B1CA9A2B295FF72A0016EFCD /* XCRemoteSwiftPackageReference "RxDataSources" */ = {
			isa = XCRemoteSwiftPackageReference;
			repositoryURL = "https://github.com/RxSwiftCommunity/RxDataSources";
			requirement = {
				kind = upToNextMinorVersion;
				minimumVersion = 5.0.0;
			};
		};
		B1CA9A772962C37D0016EFCD /* XCRemoteSwiftPackageReference "swift-composable-architecture" */ = {
			isa = XCRemoteSwiftPackageReference;
			repositoryURL = "https://github.com/pointfreeco/swift-composable-architecture";
			requirement = {
				kind = upToNextMinorVersion;
				minimumVersion = 0.9.0;
			};
		};
/* End XCRemoteSwiftPackageReference section */

/* Begin XCSwiftPackageProductDependency section */
		B18EB91B295DFB15001E08D7 /* RxBlocking */ = {
			isa = XCSwiftPackageProductDependency;
			package = B18EB91A295DFB15001E08D7 /* XCRemoteSwiftPackageReference "RxSwift" */;
			productName = RxBlocking;
		};
		B18EB91D295DFB15001E08D7 /* RxCocoa */ = {
			isa = XCSwiftPackageProductDependency;
			package = B18EB91A295DFB15001E08D7 /* XCRemoteSwiftPackageReference "RxSwift" */;
			productName = RxCocoa;
		};
		B18EB91F295DFB15001E08D7 /* RxRelay */ = {
			isa = XCSwiftPackageProductDependency;
			package = B18EB91A295DFB15001E08D7 /* XCRemoteSwiftPackageReference "RxSwift" */;
			productName = RxRelay;
		};
		B18EB921295DFB15001E08D7 /* RxSwift */ = {
			isa = XCSwiftPackageProductDependency;
			package = B18EB91A295DFB15001E08D7 /* XCRemoteSwiftPackageReference "RxSwift" */;
			productName = RxSwift;
		};
		B18EB923295DFB15001E08D7 /* RxTest */ = {
			isa = XCSwiftPackageProductDependency;
			package = B18EB91A295DFB15001E08D7 /* XCRemoteSwiftPackageReference "RxSwift" */;
			productName = RxTest;
		};
		B18EB926295DFB3F001E08D7 /* ReactorKit */ = {
			isa = XCSwiftPackageProductDependency;
			package = B18EB925295DFB3F001E08D7 /* XCRemoteSwiftPackageReference "ReactorKit" */;
			productName = ReactorKit;
		};
		B18EB929295DFB4C001E08D7 /* SnapKit */ = {
			isa = XCSwiftPackageProductDependency;
			package = B18EB928295DFB4C001E08D7 /* XCRemoteSwiftPackageReference "SnapKit" */;
			productName = SnapKit;
		};
		B1CA9A2C295FF72A0016EFCD /* Differentiator */ = {
			isa = XCSwiftPackageProductDependency;
			package = B1CA9A2B295FF72A0016EFCD /* XCRemoteSwiftPackageReference "RxDataSources" */;
			productName = Differentiator;
		};
		B1CA9A2E295FF72A0016EFCD /* RxDataSources */ = {
			isa = XCSwiftPackageProductDependency;
			package = B1CA9A2B295FF72A0016EFCD /* XCRemoteSwiftPackageReference "RxDataSources" */;
			productName = RxDataSources;
		};
		B1CA9A782962C37D0016EFCD /* ComposableArchitecture */ = {
			isa = XCSwiftPackageProductDependency;
			package = B1CA9A772962C37D0016EFCD /* XCRemoteSwiftPackageReference "swift-composable-architecture" */;
			productName = ComposableArchitecture;
		};
/* End XCSwiftPackageProductDependency section */
	};
	rootObject = B18EB8D3295DFA9B001E08D7 /* Project object */;
}
